
Microsoft Visual Studio Solution File, Format Version 12.00
# Visual Studio Version 16
VisualStudioVersion = 16.0.31624.102
MinimumVisualStudioVersion = 10.0.40219.1
Project("{FAE04EC0-301F-11D3-BF4B-00C04F79EFBC}") = "WindowsFormsApp", "WindowsFormsApp\WindowsFormsApp.csproj", "{55D9063C-122B-4EBC-A3B5-2CB4240EF084}"
EndProject
Project("{FAE04EC0-301F-11D3-BF4B-00C04F79EFBC}") = "DTO", "DTO\DTO.csproj", "{0331B00E-FE12-4CBD-A7CF-C93D799DD841}"
EndProject
Project("{FAE04EC0-301F-11D3-BF4B-00C04F79EFBC}") = "DAO", "DAO\DAO.csproj", "{C7F5CE0A-E748-4737-9FA9-C284FA65D00F}"
EndProject
Project("{FAE04EC0-301F-11D3-BF4B-00C04F79EFBC}") = "BUS", "BUS\BUS.csproj", "{58D1D52C-7639-4018-A7CD-C5F15A9FC48D}"
EndProject
Global
	GlobalSection(SolutionConfigurationPlatforms) = preSolution
		Debug|Any CPU = Debug|Any CPU
		Release|Any CPU = Release|Any CPU
	EndGlobalSection
	GlobalSection(ProjectConfigurationPlatforms) = postSolution
		{55D9063C-122B-4EBC-A3B5-2CB4240EF084}.Debug|Any CPU.ActiveCfg = Debug|Any CPU
		{55D9063C-122B-4EBC-A3B5-2CB4240EF084}.Debug|Any CPU.Build.0 = Debug|Any CPU
		{55D9063C-122B-4EBC-A3B5-2CB4240EF084}.Release|Any CPU.ActiveCfg = Release|Any CPU
		{55D9063C-122B-4EBC-A3B5-2CB4240EF084}.Release|Any CPU.Build.0 = Release|Any CPU
		{0331B00E-FE12-4CBD-A7CF-C93D799DD841}.Debug|Any CPU.ActiveCfg = Debug|Any CPU
		{0331B00E-FE12-4CBD-A7CF-C93D799DD841}.Debug|Any CPU.Build.0 = Debug|Any CPU
		{0331B00E-FE12-4CBD-A7CF-C93D799DD841}.Release|Any CPU.ActiveCfg = Release|Any CPU
		{0331B00E-FE12-4CBD-A7CF-C93D799DD841}.Release|Any CPU.Build.0 = Release|Any CPU
		{C7F5CE0A-E748-4737-9FA9-C284FA65D00F}.Debug|Any CPU.ActiveCfg = Debug|Any CPU
		{C7F5CE0A-E748-4737-9FA9-C284FA65D00F}.Debug|Any CPU.Build.0 = Debug|Any CPU
		{C7F5CE0A-E748-4737-9FA9-C284FA65D00F}.Release|Any CPU.ActiveCfg = Release|Any CPU
		{C7F5CE0A-E748-4737-9FA9-C284FA65D00F}.Release|Any CPU.Build.0 = Release|Any CPU
		{58D1D52C-7639-4018-A7CD-C5F15A9FC48D}.Debug|Any CPU.ActiveCfg = Debug|Any CPU
		{58D1D52C-7639-4018-A7CD-C5F15A9FC48D}.Debug|Any CPU.Build.0 = Debug|Any CPU
		{58D1D52C-7639-4018-A7CD-C5F15A9FC48D}.Release|Any CPU.ActiveCfg = Release|Any CPU
		{58D1D52C-7639-4018-A7CD-C5F15A9FC48D}.Release|Any CPU.Build.0 = Release|Any CPU
	EndGlobalSection
	GlobalSection(SolutionProperties) = preSolution
		HideSolutionNode = FALSE
	EndGlobalSection
	GlobalSection(ExtensibilityGlobals) = postSolution
		SolutionGuid = {022F8677-C377-48F0-80CF-616A958642FE}
	EndGlobalSection
EndGlobal
