
Microsoft Visual Studio Solution File, Format Version 12.00
# Visual Studio Version 16
VisualStudioVersion = 16.0.31624.102
MinimumVisualStudioVersion = 10.0.40219.1
Project("{FAE04EC0-301F-11D3-BF4B-00C04F79EFBC}") = "GUI", "WindowsFormsApp\GUI.csproj", "{4809339C-B6F0-4728-BB0C-585C4322947E}"
EndProject
Project("{FAE04EC0-301F-11D3-BF4B-00C04F79EFBC}") = "DAO", "DAO\DAO.csproj", "{55B90842-17B6-4CF4-A51B-5E0D46ADE912}"
EndProject
Project("{FAE04EC0-301F-11D3-BF4B-00C04F79EFBC}") = "BUS", "BUS\BUS.csproj", "{4DE74B49-D875-44A8-B7AF-16835444DE54}"
EndProject
Project("{FAE04EC0-301F-11D3-BF4B-00C04F79EFBC}") = "DTO", "DTO\DTO.csproj", "{E6C59B4C-0A47-4391-A6EF-1E02A08FDD15}"
EndProject
Global
	GlobalSection(SolutionConfigurationPlatforms) = preSolution
		Debug|Any CPU = Debug|Any CPU
		Release|Any CPU = Release|Any CPU
	EndGlobalSection
	GlobalSection(ProjectConfigurationPlatforms) = postSolution
		{4809339C-B6F0-4728-BB0C-585C4322947E}.Debug|Any CPU.ActiveCfg = Debug|Any CPU
		{4809339C-B6F0-4728-BB0C-585C4322947E}.Debug|Any CPU.Build.0 = Debug|Any CPU
		{4809339C-B6F0-4728-BB0C-585C4322947E}.Release|Any CPU.ActiveCfg = Release|Any CPU
		{4809339C-B6F0-4728-BB0C-585C4322947E}.Release|Any CPU.Build.0 = Release|Any CPU
		{55B90842-17B6-4CF4-A51B-5E0D46ADE912}.Debug|Any CPU.ActiveCfg = Debug|Any CPU
		{55B90842-17B6-4CF4-A51B-5E0D46ADE912}.Debug|Any CPU.Build.0 = Debug|Any CPU
		{55B90842-17B6-4CF4-A51B-5E0D46ADE912}.Release|Any CPU.ActiveCfg = Release|Any CPU
		{55B90842-17B6-4CF4-A51B-5E0D46ADE912}.Release|Any CPU.Build.0 = Release|Any CPU
		{4DE74B49-D875-44A8-B7AF-16835444DE54}.Debug|Any CPU.ActiveCfg = Debug|Any CPU
		{4DE74B49-D875-44A8-B7AF-16835444DE54}.Debug|Any CPU.Build.0 = Debug|Any CPU
		{4DE74B49-D875-44A8-B7AF-16835444DE54}.Release|Any CPU.ActiveCfg = Release|Any CPU
		{4DE74B49-D875-44A8-B7AF-16835444DE54}.Release|Any CPU.Build.0 = Release|Any CPU
		{E6C59B4C-0A47-4391-A6EF-1E02A08FDD15}.Debug|Any CPU.ActiveCfg = Debug|Any CPU
		{E6C59B4C-0A47-4391-A6EF-1E02A08FDD15}.Debug|Any CPU.Build.0 = Debug|Any CPU
		{E6C59B4C-0A47-4391-A6EF-1E02A08FDD15}.Release|Any CPU.ActiveCfg = Release|Any CPU
		{E6C59B4C-0A47-4391-A6EF-1E02A08FDD15}.Release|Any CPU.Build.0 = Release|Any CPU
	EndGlobalSection
	GlobalSection(SolutionProperties) = preSolution
		HideSolutionNode = FALSE
	EndGlobalSection
	GlobalSection(ExtensibilityGlobals) = postSolution
		SolutionGuid = {116AAF15-0D4F-4BD5-A6C4-023A83C623C1}
	EndGlobalSection
EndGlobal
